// !$*UTF8*$!
{
	archiveVersion = 1;
	classes = {
	};
	objectVersion = 56;
	objects = {

/* Begin PBXBuildFile section */
		BC2189F9292B420B005C27A3 /* DripNoteApp.swift in Sources */ = {isa = PBXBuildFile; fileRef = BC2189F8292B420B005C27A3 /* DripNoteApp.swift */; };
		BC2189FB292B420B005C27A3 /* ContentView.swift in Sources */ = {isa = PBXBuildFile; fileRef = BC2189FA292B420B005C27A3 /* ContentView.swift */; };
		BC2189FD292B420C005C27A3 /* Assets.xcassets in Resources */ = {isa = PBXBuildFile; fileRef = BC2189FC292B420C005C27A3 /* Assets.xcassets */; };
		BC218A01292B420C005C27A3 /* Preview Assets.xcassets in Resources */ = {isa = PBXBuildFile; fileRef = BC218A00292B420C005C27A3 /* Preview Assets.xcassets */; };
		BC218A08292B44D7005C27A3 /* SignUpView.swift in Sources */ = {isa = PBXBuildFile; fileRef = BC218A07292B44D7005C27A3 /* SignUpView.swift */; };
		BC218A0B292B4577005C27A3 /* CustomButtonStyle.swift in Sources */ = {isa = PBXBuildFile; fileRef = BC218A0A292B4577005C27A3 /* CustomButtonStyle.swift */; };
		BC218A48292B4EA6005C27A3 /* NiveauGroteskBold.ttf in Resources */ = {isa = PBXBuildFile; fileRef = BC218A47292B4EA6005C27A3 /* NiveauGroteskBold.ttf */; };
		BC218A50292B5A60005C27A3 /* Montserrat-Thin.ttf in Resources */ = {isa = PBXBuildFile; fileRef = BC218A4F292B5A60005C27A3 /* Montserrat-Thin.ttf */; };
		BC218A54292B641E005C27A3 /* View + Extension.swift in Sources */ = {isa = PBXBuildFile; fileRef = BC218A53292B641E005C27A3 /* View + Extension.swift */; };
		BC218A56292B6D5F005C27A3 /* VerifyPhoneNumberView.swift in Sources */ = {isa = PBXBuildFile; fileRef = BC218A55292B6D5F005C27A3 /* VerifyPhoneNumberView.swift */; };
		BC218A58292BAA96005C27A3 /* Montserrat-Bold.ttf in Resources */ = {isa = PBXBuildFile; fileRef = BC218A57292BAA96005C27A3 /* Montserrat-Bold.ttf */; };
		BC218A5A292BB2D6005C27A3 /* CardStyleView.swift in Sources */ = {isa = PBXBuildFile; fileRef = BC218A59292BB2D6005C27A3 /* CardStyleView.swift */; };
/* End PBXBuildFile section */

/* Begin PBXFileReference section */
		BC2189F5292B420B005C27A3 /* DripNote.app */ = {isa = PBXFileReference; explicitFileType = wrapper.application; includeInIndex = 0; path = DripNote.app; sourceTree = BUILT_PRODUCTS_DIR; };
		BC2189F8292B420B005C27A3 /* DripNoteApp.swift */ = {isa = PBXFileReference; lastKnownFileType = sourcecode.swift; path = DripNoteApp.swift; sourceTree = "<group>"; };
		BC2189FA292B420B005C27A3 /* ContentView.swift */ = {isa = PBXFileReference; lastKnownFileType = sourcecode.swift; path = ContentView.swift; sourceTree = "<group>"; };
		BC2189FC292B420C005C27A3 /* Assets.xcassets */ = {isa = PBXFileReference; lastKnownFileType = folder.assetcatalog; path = Assets.xcassets; sourceTree = "<group>"; };
		BC2189FE292B420C005C27A3 /* DripNote.entitlements */ = {isa = PBXFileReference; lastKnownFileType = text.plist.entitlements; path = DripNote.entitlements; sourceTree = "<group>"; };
		BC218A00292B420C005C27A3 /* Preview Assets.xcassets */ = {isa = PBXFileReference; lastKnownFileType = folder.assetcatalog; path = "Preview Assets.xcassets"; sourceTree = "<group>"; };
		BC218A07292B44D7005C27A3 /* SignUpView.swift */ = {isa = PBXFileReference; lastKnownFileType = sourcecode.swift; path = SignUpView.swift; sourceTree = "<group>"; };
		BC218A0A292B4577005C27A3 /* CustomButtonStyle.swift */ = {isa = PBXFileReference; lastKnownFileType = sourcecode.swift; path = CustomButtonStyle.swift; sourceTree = "<group>"; };
		BC218A46292B4DE8005C27A3 /* Info.plist */ = {isa = PBXFileReference; lastKnownFileType = text.plist; path = Info.plist; sourceTree = "<group>"; };
		BC218A47292B4EA6005C27A3 /* NiveauGroteskBold.ttf */ = {isa = PBXFileReference; lastKnownFileType = file; path = NiveauGroteskBold.ttf; sourceTree = "<group>"; };
		BC218A4F292B5A60005C27A3 /* Montserrat-Thin.ttf */ = {isa = PBXFileReference; lastKnownFileType = file; path = "Montserrat-Thin.ttf"; sourceTree = "<group>"; };
		BC218A53292B641E005C27A3 /* View + Extension.swift */ = {isa = PBXFileReference; lastKnownFileType = sourcecode.swift; path = "View + Extension.swift"; sourceTree = "<group>"; };
		BC218A55292B6D5F005C27A3 /* VerifyPhoneNumberView.swift */ = {isa = PBXFileReference; lastKnownFileType = sourcecode.swift; path = VerifyPhoneNumberView.swift; sourceTree = "<group>"; };
		BC218A57292BAA96005C27A3 /* Montserrat-Bold.ttf */ = {isa = PBXFileReference; lastKnownFileType = file; path = "Montserrat-Bold.ttf"; sourceTree = "<group>"; };
		BC218A59292BB2D6005C27A3 /* CardStyleView.swift */ = {isa = PBXFileReference; lastKnownFileType = sourcecode.swift; path = CardStyleView.swift; sourceTree = "<group>"; };
/* End PBXFileReference section */

/* Begin PBXFrameworksBuildPhase section */
		BC2189F2292B420B005C27A3 /* Frameworks */ = {
			isa = PBXFrameworksBuildPhase;
			buildActionMask = 2147483647;
			files = (
			);
			runOnlyForDeploymentPostprocessing = 0;
		};
/* End PBXFrameworksBuildPhase section */

/* Begin PBXGroup section */
		BC2189EC292B420B005C27A3 = {
			isa = PBXGroup;
			children = (
				BC2189F7292B420B005C27A3 /* DripNote */,
				BC2189F6292B420B005C27A3 /* Products */,
			);
			sourceTree = "<group>";
		};
		BC2189F6292B420B005C27A3 /* Products */ = {
			isa = PBXGroup;
			children = (
				BC2189F5292B420B005C27A3 /* DripNote.app */,
			);
			name = Products;
			sourceTree = "<group>";
		};
		BC2189F7292B420B005C27A3 /* DripNote */ = {
			isa = PBXGroup;
			children = (
				BC218A52292B63F2005C27A3 /* Extensions */,
				BC218A51292B5C2D005C27A3 /* Authentication */,
				BC218A46292B4DE8005C27A3 /* Info.plist */,
				BC218A0C292B4A85005C27A3 /* Fonts */,
				BC218A09292B4518005C27A3 /* CustomControls */,
				BC2189F8292B420B005C27A3 /* DripNoteApp.swift */,
				BC2189FA292B420B005C27A3 /* ContentView.swift */,
				BC2189FC292B420C005C27A3 /* Assets.xcassets */,
				BC2189FE292B420C005C27A3 /* DripNote.entitlements */,
				BC2189FF292B420C005C27A3 /* Preview Content */,
			);
			path = DripNote;
			sourceTree = "<group>";
		};
		BC2189FF292B420C005C27A3 /* Preview Content */ = {
			isa = PBXGroup;
			children = (
				BC218A00292B420C005C27A3 /* Preview Assets.xcassets */,
			);
			path = "Preview Content";
			sourceTree = "<group>";
		};
		BC218A09292B4518005C27A3 /* CustomControls */ = {
			isa = PBXGroup;
			children = (
				BC218A0A292B4577005C27A3 /* CustomButtonStyle.swift */,
				BC218A59292BB2D6005C27A3 /* CardStyleView.swift */,
			);
			path = CustomControls;
			sourceTree = "<group>";
		};
		BC218A0C292B4A85005C27A3 /* Fonts */ = {
			isa = PBXGroup;
			children = (
				BC218A57292BAA96005C27A3 /* Montserrat-Bold.ttf */,
				BC218A4F292B5A60005C27A3 /* Montserrat-Thin.ttf */,
				BC218A47292B4EA6005C27A3 /* NiveauGroteskBold.ttf */,
			);
			path = Fonts;
			sourceTree = "<group>";
		};
		BC218A51292B5C2D005C27A3 /* Authentication */ = {
			isa = PBXGroup;
			children = (
				BC218A07292B44D7005C27A3 /* SignUpView.swift */,
				BC218A55292B6D5F005C27A3 /* VerifyPhoneNumberView.swift */,
			);
			path = Authentication;
			sourceTree = "<group>";
		};
		BC218A52292B63F2005C27A3 /* Extensions */ = {
			isa = PBXGroup;
			children = (
				BC218A53292B641E005C27A3 /* View + Extension.swift */,
			);
			path = Extensions;
			sourceTree = "<group>";
		};
/* End PBXGroup section */

/* Begin PBXNativeTarget section */
		BC2189F4292B420B005C27A3 /* DripNote */ = {
			isa = PBXNativeTarget;
			buildConfigurationList = BC218A04292B420C005C27A3 /* Build configuration list for PBXNativeTarget "DripNote" */;
			buildPhases = (
				BC2189F1292B420B005C27A3 /* Sources */,
				BC2189F2292B420B005C27A3 /* Frameworks */,
				BC2189F3292B420B005C27A3 /* Resources */,
			);
			buildRules = (
			);
			dependencies = (
			);
			name = DripNote;
			productName = DripNote;
			productReference = BC2189F5292B420B005C27A3 /* DripNote.app */;
			productType = "com.apple.product-type.application";
		};
/* End PBXNativeTarget section */

/* Begin PBXProject section */
		BC2189ED292B420B005C27A3 /* Project object */ = {
			isa = PBXProject;
			attributes = {
				BuildIndependentTargetsInParallel = 1;
				LastSwiftUpdateCheck = 1410;
				LastUpgradeCheck = 1410;
				TargetAttributes = {
					BC2189F4292B420B005C27A3 = {
						CreatedOnToolsVersion = 14.1;
					};
				};
			};
			buildConfigurationList = BC2189F0292B420B005C27A3 /* Build configuration list for PBXProject "DripNote" */;
			compatibilityVersion = "Xcode 14.0";
			developmentRegion = en;
			hasScannedForEncodings = 0;
			knownRegions = (
				en,
				Base,
			);
			mainGroup = BC2189EC292B420B005C27A3;
			productRefGroup = BC2189F6292B420B005C27A3 /* Products */;
			projectDirPath = "";
			projectRoot = "";
			targets = (
				BC2189F4292B420B005C27A3 /* DripNote */,
			);
		};
/* End PBXProject section */

/* Begin PBXResourcesBuildPhase section */
		BC2189F3292B420B005C27A3 /* Resources */ = {
			isa = PBXResourcesBuildPhase;
			buildActionMask = 2147483647;
			files = (
				BC218A58292BAA96005C27A3 /* Montserrat-Bold.ttf in Resources */,
				BC218A01292B420C005C27A3 /* Preview Assets.xcassets in Resources */,
				BC218A48292B4EA6005C27A3 /* NiveauGroteskBold.ttf in Resources */,
				BC2189FD292B420C005C27A3 /* Assets.xcassets in Resources */,
				BC218A50292B5A60005C27A3 /* Montserrat-Thin.ttf in Resources */,
			);
			runOnlyForDeploymentPostprocessing = 0;
		};
/* End PBXResourcesBuildPhase section */

/* Begin PBXSourcesBuildPhase section */
		BC2189F1292B420B005C27A3 /* Sources */ = {
			isa = PBXSourcesBuildPhase;
			buildActionMask = 2147483647;
			files = (
				BC218A5A292BB2D6005C27A3 /* CardStyleView.swift in Sources */,
				BC2189FB292B420B005C27A3 /* ContentView.swift in Sources */,
				BC218A0B292B4577005C27A3 /* CustomButtonStyle.swift in Sources */,
				BC218A08292B44D7005C27A3 /* SignUpView.swift in Sources */,
				BC218A54292B641E005C27A3 /* View + Extension.swift in Sources */,
				BC2189F9292B420B005C27A3 /* DripNoteApp.swift in Sources */,
				BC218A56292B6D5F005C27A3 /* VerifyPhoneNumberView.swift in Sources */,
			);
			runOnlyForDeploymentPostprocessing = 0;
		};
/* End PBXSourcesBuildPhase section */

/* Begin XCBuildConfiguration section */
		BC218A02292B420C005C27A3 /* Debug */ = {
			isa = XCBuildConfiguration;
			buildSettings = {
				ALWAYS_SEARCH_USER_PATHS = NO;
				CLANG_ANALYZER_NONNULL = YES;
				CLANG_ANALYZER_NUMBER_OBJECT_CONVERSION = YES_AGGRESSIVE;
				CLANG_CXX_LANGUAGE_STANDARD = "gnu++20";
				CLANG_ENABLE_MODULES = YES;
				CLANG_ENABLE_OBJC_ARC = YES;
				CLANG_ENABLE_OBJC_WEAK = YES;
				CLANG_WARN_BLOCK_CAPTURE_AUTORELEASING = YES;
				CLANG_WARN_BOOL_CONVERSION = YES;
				CLANG_WARN_COMMA = YES;
				CLANG_WARN_CONSTANT_CONVERSION = YES;
				CLANG_WARN_DEPRECATED_OBJC_IMPLEMENTATIONS = YES;
				CLANG_WARN_DIRECT_OBJC_ISA_USAGE = YES_ERROR;
				CLANG_WARN_DOCUMENTATION_COMMENTS = YES;
				CLANG_WARN_EMPTY_BODY = YES;
				CLANG_WARN_ENUM_CONVERSION = YES;
				CLANG_WARN_INFINITE_RECURSION = YES;
				CLANG_WARN_INT_CONVERSION = YES;
				CLANG_WARN_NON_LITERAL_NULL_CONVERSION = YES;
				CLANG_WARN_OBJC_IMPLICIT_RETAIN_SELF = YES;
				CLANG_WARN_OBJC_LITERAL_CONVERSION = YES;
				CLANG_WARN_OBJC_ROOT_CLASS = YES_ERROR;
				CLANG_WARN_QUOTED_INCLUDE_IN_FRAMEWORK_HEADER = YES;
				CLANG_WARN_RANGE_LOOP_ANALYSIS = YES;
				CLANG_WARN_STRICT_PROTOTYPES = YES;
				CLANG_WARN_SUSPICIOUS_MOVE = YES;
				CLANG_WARN_UNGUARDED_AVAILABILITY = YES_AGGRESSIVE;
				CLANG_WARN_UNREACHABLE_CODE = YES;
				CLANG_WARN__DUPLICATE_METHOD_MATCH = YES;
				COPY_PHASE_STRIP = NO;
				DEBUG_INFORMATION_FORMAT = dwarf;
				ENABLE_STRICT_OBJC_MSGSEND = YES;
				ENABLE_TESTABILITY = YES;
				GCC_C_LANGUAGE_STANDARD = gnu11;
				GCC_DYNAMIC_NO_PIC = NO;
				GCC_NO_COMMON_BLOCKS = YES;
				GCC_OPTIMIZATION_LEVEL = 0;
				GCC_PREPROCESSOR_DEFINITIONS = (
					"DEBUG=1",
					"$(inherited)",
				);
				GCC_WARN_64_TO_32_BIT_CONVERSION = YES;
				GCC_WARN_ABOUT_RETURN_TYPE = YES_ERROR;
				GCC_WARN_UNDECLARED_SELECTOR = YES;
				GCC_WARN_UNINITIALIZED_AUTOS = YES_AGGRESSIVE;
				GCC_WARN_UNUSED_FUNCTION = YES;
				GCC_WARN_UNUSED_VARIABLE = YES;
				IPHONEOS_DEPLOYMENT_TARGET = 15.0;
				MTL_ENABLE_DEBUG_INFO = INCLUDE_SOURCE;
				MTL_FAST_MATH = YES;
				ONLY_ACTIVE_ARCH = YES;
				SWIFT_ACTIVE_COMPILATION_CONDITIONS = DEBUG;
				SWIFT_OPTIMIZATION_LEVEL = "-Onone";
			};
			name = Debug;
		};
		BC218A03292B420C005C27A3 /* Release */ = {
			isa = XCBuildConfiguration;
			buildSettings = {
				ALWAYS_SEARCH_USER_PATHS = NO;
				CLANG_ANALYZER_NONNULL = YES;
				CLANG_ANALYZER_NUMBER_OBJECT_CONVERSION = YES_AGGRESSIVE;
				CLANG_CXX_LANGUAGE_STANDARD = "gnu++20";
				CLANG_ENABLE_MODULES = YES;
				CLANG_ENABLE_OBJC_ARC = YES;
				CLANG_ENABLE_OBJC_WEAK = YES;
				CLANG_WARN_BLOCK_CAPTURE_AUTORELEASING = YES;
				CLANG_WARN_BOOL_CONVERSION = YES;
				CLANG_WARN_COMMA = YES;
				CLANG_WARN_CONSTANT_CONVERSION = YES;
				CLANG_WARN_DEPRECATED_OBJC_IMPLEMENTATIONS = YES;
				CLANG_WARN_DIRECT_OBJC_ISA_USAGE = YES_ERROR;
				CLANG_WARN_DOCUMENTATION_COMMENTS = YES;
				CLANG_WARN_EMPTY_BODY = YES;
				CLANG_WARN_ENUM_CONVERSION = YES;
				CLANG_WARN_INFINITE_RECURSION = YES;
				CLANG_WARN_INT_CONVERSION = YES;
				CLANG_WARN_NON_LITERAL_NULL_CONVERSION = YES;
				CLANG_WARN_OBJC_IMPLICIT_RETAIN_SELF = YES;
				CLANG_WARN_OBJC_LITERAL_CONVERSION = YES;
				CLANG_WARN_OBJC_ROOT_CLASS = YES_ERROR;
				CLANG_WARN_QUOTED_INCLUDE_IN_FRAMEWORK_HEADER = YES;
				CLANG_WARN_RANGE_LOOP_ANALYSIS = YES;
				CLANG_WARN_STRICT_PROTOTYPES = YES;
				CLANG_WARN_SUSPICIOUS_MOVE = YES;
				CLANG_WARN_UNGUARDED_AVAILABILITY = YES_AGGRESSIVE;
				CLANG_WARN_UNREACHABLE_CODE = YES;
				CLANG_WARN__DUPLICATE_METHOD_MATCH = YES;
				COPY_PHASE_STRIP = NO;
				DEBUG_INFORMATION_FORMAT = "dwarf-with-dsym";
				ENABLE_NS_ASSERTIONS = NO;
				ENABLE_STRICT_OBJC_MSGSEND = YES;
				GCC_C_LANGUAGE_STANDARD = gnu11;
				GCC_NO_COMMON_BLOCKS = YES;
				GCC_WARN_64_TO_32_BIT_CONVERSION = YES;
				GCC_WARN_ABOUT_RETURN_TYPE = YES_ERROR;
				GCC_WARN_UNDECLARED_SELECTOR = YES;
				GCC_WARN_UNINITIALIZED_AUTOS = YES_AGGRESSIVE;
				GCC_WARN_UNUSED_FUNCTION = YES;
				GCC_WARN_UNUSED_VARIABLE = YES;
				IPHONEOS_DEPLOYMENT_TARGET = 15.0;
				MTL_ENABLE_DEBUG_INFO = NO;
				MTL_FAST_MATH = YES;
				SWIFT_COMPILATION_MODE = wholemodule;
				SWIFT_OPTIMIZATION_LEVEL = "-O";
			};
			name = Release;
		};
		BC218A05292B420C005C27A3 /* Debug */ = {
			isa = XCBuildConfiguration;
			buildSettings = {
				ASSETCATALOG_COMPILER_APPICON_NAME = AppIcon;
				ASSETCATALOG_COMPILER_GLOBAL_ACCENT_COLOR_NAME = AccentColor;
				CODE_SIGN_ENTITLEMENTS = DripNote/DripNote.entitlements;
				CODE_SIGN_STYLE = Automatic;
				CURRENT_PROJECT_VERSION = 1;
				DEVELOPMENT_ASSET_PATHS = "\"DripNote/Preview Content\"";
				DEVELOPMENT_TEAM = K7XJG666ZW;
				ENABLE_HARDENED_RUNTIME = YES;
				ENABLE_PREVIEWS = YES;
				GENERATE_INFOPLIST_FILE = YES;
				INFOPLIST_FILE = DripNote/Info.plist;
				"INFOPLIST_KEY_UIApplicationSceneManifest_Generation[sdk=iphoneos*]" = YES;
				"INFOPLIST_KEY_UIApplicationSceneManifest_Generation[sdk=iphonesimulator*]" = YES;
				"INFOPLIST_KEY_UIApplicationSupportsIndirectInputEvents[sdk=iphoneos*]" = YES;
				"INFOPLIST_KEY_UIApplicationSupportsIndirectInputEvents[sdk=iphonesimulator*]" = YES;
				"INFOPLIST_KEY_UILaunchScreen_Generation[sdk=iphoneos*]" = YES;
				"INFOPLIST_KEY_UILaunchScreen_Generation[sdk=iphonesimulator*]" = YES;
				INFOPLIST_KEY_UIStatusBarStyle = "";
				"INFOPLIST_KEY_UIStatusBarStyle[sdk=iphoneos*]" = UIStatusBarStyleDefault;
				"INFOPLIST_KEY_UIStatusBarStyle[sdk=iphonesimulator*]" = UIStatusBarStyleDefault;
				INFOPLIST_KEY_UISupportedInterfaceOrientations_iPad = "UIInterfaceOrientationPortrait UIInterfaceOrientationPortraitUpsideDown UIInterfaceOrientationLandscapeLeft UIInterfaceOrientationLandscapeRight";
				INFOPLIST_KEY_UISupportedInterfaceOrientations_iPhone = "UIInterfaceOrientationPortrait UIInterfaceOrientationLandscapeLeft UIInterfaceOrientationLandscapeRight";
				IPHONEOS_DEPLOYMENT_TARGET = 15.0;
				LD_RUNPATH_SEARCH_PATHS = "@executable_path/Frameworks";
				"LD_RUNPATH_SEARCH_PATHS[sdk=macosx*]" = "@executable_path/../Frameworks";
				MACOSX_DEPLOYMENT_TARGET = 13.0;
				MARKETING_VERSION = 1.0;
				PRODUCT_BUNDLE_IDENTIFIER = com.simform.DripNote;
				PRODUCT_NAME = "$(TARGET_NAME)";
				SDKROOT = auto;
				SUPPORTED_PLATFORMS = "iphoneos iphonesimulator macosx";
				SWIFT_EMIT_LOC_STRINGS = YES;
				SWIFT_VERSION = 5.0;
				TARGETED_DEVICE_FAMILY = "1,2";
			};
			name = Debug;
		};
		BC218A06292B420C005C27A3 /* Release */ = {
			isa = XCBuildConfiguration;
			buildSettings = {
				ASSETCATALOG_COMPILER_APPICON_NAME = AppIcon;
				ASSETCATALOG_COMPILER_GLOBAL_ACCENT_COLOR_NAME = AccentColor;
				CODE_SIGN_ENTITLEMENTS = DripNote/DripNote.entitlements;
				CODE_SIGN_STYLE = Automatic;
				CURRENT_PROJECT_VERSION = 1;
				DEVELOPMENT_ASSET_PATHS = "\"DripNote/Preview Content\"";
				DEVELOPMENT_TEAM = K7XJG666ZW;
				ENABLE_HARDENED_RUNTIME = YES;
				ENABLE_PREVIEWS = YES;
				GENERATE_INFOPLIST_FILE = YES;
				INFOPLIST_FILE = DripNote/Info.plist;
				"INFOPLIST_KEY_UIApplicationSceneManifest_Generation[sdk=iphoneos*]" = YES;
				"INFOPLIST_KEY_UIApplicationSceneManifest_Generation[sdk=iphonesimulator*]" = YES;
				"INFOPLIST_KEY_UIApplicationSupportsIndirectInputEvents[sdk=iphoneos*]" = YES;
				"INFOPLIST_KEY_UIApplicationSupportsIndirectInputEvents[sdk=iphonesimulator*]" = YES;
				"INFOPLIST_KEY_UILaunchScreen_Generation[sdk=iphoneos*]" = YES;
				"INFOPLIST_KEY_UILaunchScreen_Generation[sdk=iphonesimulator*]" = YES;
				INFOPLIST_KEY_UIStatusBarStyle = "";
				"INFOPLIST_KEY_UIStatusBarStyle[sdk=iphoneos*]" = UIStatusBarStyleDefault;
				"INFOPLIST_KEY_UIStatusBarStyle[sdk=iphonesimulator*]" = UIStatusBarStyleDefault;
				INFOPLIST_KEY_UISupportedInterfaceOrientations_iPad = "UIInterfaceOrientationPortrait UIInterfaceOrientationPortraitUpsideDown UIInterfaceOrientationLandscapeLeft UIInterfaceOrientationLandscapeRight";
				INFOPLIST_KEY_UISupportedInterfaceOrientations_iPhone = "UIInterfaceOrientationPortrait UIInterfaceOrientationLandscapeLeft UIInterfaceOrientationLandscapeRight";
				IPHONEOS_DEPLOYMENT_TARGET = 15.0;
				LD_RUNPATH_SEARCH_PATHS = "@executable_path/Frameworks";
				"LD_RUNPATH_SEARCH_PATHS[sdk=macosx*]" = "@executable_path/../Frameworks";
				MACOSX_DEPLOYMENT_TARGET = 13.0;
				MARKETING_VERSION = 1.0;
				PRODUCT_BUNDLE_IDENTIFIER = com.simform.DripNote;
				PRODUCT_NAME = "$(TARGET_NAME)";
				SDKROOT = auto;
				SUPPORTED_PLATFORMS = "iphoneos iphonesimulator macosx";
				SWIFT_EMIT_LOC_STRINGS = YES;
				SWIFT_VERSION = 5.0;
				TARGETED_DEVICE_FAMILY = "1,2";
			};
			name = Release;
		};
/* End XCBuildConfiguration section */

/* Begin XCConfigurationList section */
		BC2189F0292B420B005C27A3 /* Build configuration list for PBXProject "DripNote" */ = {
			isa = XCConfigurationList;
			buildConfigurations = (
				BC218A02292B420C005C27A3 /* Debug */,
				BC218A03292B420C005C27A3 /* Release */,
			);
			defaultConfigurationIsVisible = 0;
			defaultConfigurationName = Release;
		};
		BC218A04292B420C005C27A3 /* Build configuration list for PBXNativeTarget "DripNote" */ = {
			isa = XCConfigurationList;
			buildConfigurations = (
				BC218A05292B420C005C27A3 /* Debug */,
				BC218A06292B420C005C27A3 /* Release */,
			);
			defaultConfigurationIsVisible = 0;
			defaultConfigurationName = Release;
		};
/* End XCConfigurationList section */
	};
	rootObject = BC2189ED292B420B005C27A3 /* Project object */;
}
